
Microsoft Visual Studio Solution File, Format Version 11.00
# Visual Studio 2010
Project("{8BC9CEB8-8B4A-11D0-8D11-00A0C91BC942}") = "sqlitereadercpp", "sqlitereadercpp\sqlitereadercpp.vcxproj", "{499AC225-1769-4256-B159-91EA486224C6}"
EndProject
Global
	GlobalSection(SolutionConfigurationPlatforms) = preSolution
		Debug|Win32 = Debug|Win32
		Release|Win32 = Release|Win32
	EndGlobalSection
	GlobalSection(ProjectConfigurationPlatforms) = postSolution
		{499AC225-1769-4256-B159-91EA486224C6}.Debug|Win32.ActiveCfg = Debug|Win32
		{499AC225-1769-4256-B159-91EA486224C6}.Debug|Win32.Build.0 = Debug|Win32
		{499AC225-1769-4256-B159-91EA486224C6}.Release|Win32.ActiveCfg = Release|Win32
		{499AC225-1769-4256-B159-91EA486224C6}.Release|Win32.Build.0 = Release|Win32
	EndGlobalSection
	GlobalSection(SolutionProperties) = preSolution
		HideSolutionNode = FALSE
	EndGlobalSection
EndGlobal
